
Microsoft Visual Studio Solution File, Format Version 12.00
# Visual Studio Version 17
VisualStudioVersion = 17.2.32526.322
MinimumVisualStudioVersion = 10.0.40219.1
Project("{FAE04EC0-301F-11D3-BF4B-00C04F79EFBC}") = "AbstractClassDemo", "AbstractClassDemo\AbstractClassDemo.csproj", "{07B30F42-B5FC-4E81-BC4E-D55CB8A3615A}"
EndProject
Global
	GlobalSection(SolutionConfigurationPlatforms) = preSolution
		Debug|Any CPU = Debug|Any CPU
		Release|Any CPU = Release|Any CPU
	EndGlobalSection
	GlobalSection(ProjectConfigurationPlatforms) = postSolution
		{07B30F42-B5FC-4E81-BC4E-D55CB8A3615A}.Debug|Any CPU.ActiveCfg = Debug|Any CPU
		{07B30F42-B5FC-4E81-BC4E-D55CB8A3615A}.Debug|Any CPU.Build.0 = Debug|Any CPU
		{07B30F42-B5FC-4E81-BC4E-D55CB8A3615A}.Release|Any CPU.ActiveCfg = Release|Any CPU
		{07B30F42-B5FC-4E81-BC4E-D55CB8A3615A}.Release|Any CPU.Build.0 = Release|Any CPU
	EndGlobalSection
	GlobalSection(SolutionProperties) = preSolution
		HideSolutionNode = FALSE
	EndGlobalSection
	GlobalSection(ExtensibilityGlobals) = postSolution
		SolutionGuid = {F3920776-76CC-4F2E-8BD0-010C6F29444C}
	EndGlobalSection
EndGlobal
